// !$*UTF8*$!
{
	archiveVersion = 1;
	classes = {
	};
	objectVersion = 50;
	objects = {

/* Begin PBXBuildFile section */
		87036C2726C3432500AEA09E /* AppDelegate.swift in Sources */ = {isa = PBXBuildFile; fileRef = 87036C2626C3432500AEA09E /* AppDelegate.swift */; };
		87036C2926C3432500AEA09E /* SceneDelegate.swift in Sources */ = {isa = PBXBuildFile; fileRef = 87036C2826C3432500AEA09E /* SceneDelegate.swift */; };
		87036C2B26C3432500AEA09E /* DetailViewController.swift in Sources */ = {isa = PBXBuildFile; fileRef = 87036C2A26C3432500AEA09E /* DetailViewController.swift */; };
		87036C3026C3432800AEA09E /* Assets.xcassets in Resources */ = {isa = PBXBuildFile; fileRef = 87036C2F26C3432800AEA09E /* Assets.xcassets */; };
		87036C3326C3432800AEA09E /* LaunchScreen.storyboard in Resources */ = {isa = PBXBuildFile; fileRef = 87036C3126C3432800AEA09E /* LaunchScreen.storyboard */; };
		87036C3E26C3432800AEA09E /* MainListInteractorTests.swift in Sources */ = {isa = PBXBuildFile; fileRef = 87036C3D26C3432800AEA09E /* MainListInteractorTests.swift */; };
		87036C4926C3432800AEA09E /* RedditAppUITests.swift in Sources */ = {isa = PBXBuildFile; fileRef = 87036C4826C3432800AEA09E /* RedditAppUITests.swift */; };
		87063FC526C36CCA00382BAF /* MainListTableViewCell.swift in Sources */ = {isa = PBXBuildFile; fileRef = 87063FC426C36CCA00382BAF /* MainListTableViewCell.swift */; };
		8728A68626C9C3FF0005532C /* MainListViewControllerTests.swift in Sources */ = {isa = PBXBuildFile; fileRef = 8728A68526C9C3FF0005532C /* MainListViewControllerTests.swift */; };
		8728A68926C9C6A50005532C /* MainListPresenterTests.swift in Sources */ = {isa = PBXBuildFile; fileRef = 8728A68826C9C6A50005532C /* MainListPresenterTests.swift */; };
		8728A68C26CAE0950005532C /* DateExtensions.swift in Sources */ = {isa = PBXBuildFile; fileRef = 8728A68B26CAE0950005532C /* DateExtensions.swift */; };
		8728A68F26CAE1F90005532C /* DateUtils.swift in Sources */ = {isa = PBXBuildFile; fileRef = 8728A68E26CAE1F90005532C /* DateUtils.swift */; };
		87424B9026D17F7F005F59C5 /* UIViewControllerExtensions.swift in Sources */ = {isa = PBXBuildFile; fileRef = 87424B8F26D17F7F005F59C5 /* UIViewControllerExtensions.swift */; };
		879F8D0926C73C7A00FE0305 /* Models.swift in Sources */ = {isa = PBXBuildFile; fileRef = 879F8D0826C73C7A00FE0305 /* Models.swift */; };
		879F8D0C26C7609900FE0305 /* NetworkingManager.swift in Sources */ = {isa = PBXBuildFile; fileRef = 879F8D0B26C7609900FE0305 /* NetworkingManager.swift */; };
		879F8D0E26C8159200FE0305 /* MainListView.swift in Sources */ = {isa = PBXBuildFile; fileRef = 879F8D0D26C8159200FE0305 /* MainListView.swift */; };
		879F8D1026C86EA500FE0305 /* DetailView.swift in Sources */ = {isa = PBXBuildFile; fileRef = 879F8D0F26C86EA500FE0305 /* DetailView.swift */; };
		87A7926E26C9949100CDDDA0 /* MainListInteractor.swift in Sources */ = {isa = PBXBuildFile; fileRef = 87A7926D26C9949100CDDDA0 /* MainListInteractor.swift */; };
		87A7927126C995C900CDDDA0 /* MainListPresenter.swift in Sources */ = {isa = PBXBuildFile; fileRef = 87A7927026C995C900CDDDA0 /* MainListPresenter.swift */; };
		87A7927326C9A1D000CDDDA0 /* MainListFactory.swift in Sources */ = {isa = PBXBuildFile; fileRef = 87A7927226C9A1D000CDDDA0 /* MainListFactory.swift */; };
		87C38A3A26D1976100087715 /* ImageSaver.swift in Sources */ = {isa = PBXBuildFile; fileRef = 87C38A3926D1976100087715 /* ImageSaver.swift */; };
		87FA5AB426C3577C00BA134B /* MainListViewController.swift in Sources */ = {isa = PBXBuildFile; fileRef = 87FA5AB326C3577C00BA134B /* MainListViewController.swift */; };
/* End PBXBuildFile section */

/* Begin PBXContainerItemProxy section */
		87036C3A26C3432800AEA09E /* PBXContainerItemProxy */ = {
			isa = PBXContainerItemProxy;
			containerPortal = 87036C1B26C3432500AEA09E /* Project object */;
			proxyType = 1;
			remoteGlobalIDString = 87036C2226C3432500AEA09E;
			remoteInfo = RedditApp;
		};
		87036C4526C3432800AEA09E /* PBXContainerItemProxy */ = {
			isa = PBXContainerItemProxy;
			containerPortal = 87036C1B26C3432500AEA09E /* Project object */;
			proxyType = 1;
			remoteGlobalIDString = 87036C2226C3432500AEA09E;
			remoteInfo = RedditApp;
		};
/* End PBXContainerItemProxy section */

/* Begin PBXFileReference section */
		27C266DE451E04F822519E3B /* Pods_RedditApp.framework */ = {isa = PBXFileReference; explicitFileType = wrapper.framework; includeInIndex = 0; path = Pods_RedditApp.framework; sourceTree = BUILT_PRODUCTS_DIR; };
		40A434FEE8A3783220CC9EE8 /* Pods_RedditAppTests.framework */ = {isa = PBXFileReference; explicitFileType = wrapper.framework; includeInIndex = 0; path = Pods_RedditAppTests.framework; sourceTree = BUILT_PRODUCTS_DIR; };
		6FA4281D09AD04B7F4769B6E /* Pods_RedditApp_RedditAppUITests.framework */ = {isa = PBXFileReference; explicitFileType = wrapper.framework; includeInIndex = 0; path = Pods_RedditApp_RedditAppUITests.framework; sourceTree = BUILT_PRODUCTS_DIR; };
		87036C2326C3432500AEA09E /* RedditApp.app */ = {isa = PBXFileReference; explicitFileType = wrapper.application; includeInIndex = 0; path = RedditApp.app; sourceTree = BUILT_PRODUCTS_DIR; };
		87036C2626C3432500AEA09E /* AppDelegate.swift */ = {isa = PBXFileReference; lastKnownFileType = sourcecode.swift; path = AppDelegate.swift; sourceTree = "<group>"; };
		87036C2826C3432500AEA09E /* SceneDelegate.swift */ = {isa = PBXFileReference; lastKnownFileType = sourcecode.swift; path = SceneDelegate.swift; sourceTree = "<group>"; };
		87036C2A26C3432500AEA09E /* DetailViewController.swift */ = {isa = PBXFileReference; lastKnownFileType = sourcecode.swift; path = DetailViewController.swift; sourceTree = "<group>"; };
		87036C2F26C3432800AEA09E /* Assets.xcassets */ = {isa = PBXFileReference; lastKnownFileType = folder.assetcatalog; path = Assets.xcassets; sourceTree = "<group>"; };
		87036C3226C3432800AEA09E /* Base */ = {isa = PBXFileReference; lastKnownFileType = file.storyboard; name = Base; path = Base.lproj/LaunchScreen.storyboard; sourceTree = "<group>"; };
		87036C3426C3432800AEA09E /* Info.plist */ = {isa = PBXFileReference; lastKnownFileType = text.plist.xml; path = Info.plist; sourceTree = "<group>"; };
		87036C3926C3432800AEA09E /* RedditAppTests.xctest */ = {isa = PBXFileReference; explicitFileType = wrapper.cfbundle; includeInIndex = 0; path = RedditAppTests.xctest; sourceTree = BUILT_PRODUCTS_DIR; };
		87036C3D26C3432800AEA09E /* MainListInteractorTests.swift */ = {isa = PBXFileReference; lastKnownFileType = sourcecode.swift; path = MainListInteractorTests.swift; sourceTree = "<group>"; };
		87036C3F26C3432800AEA09E /* Info.plist */ = {isa = PBXFileReference; lastKnownFileType = text.plist.xml; path = Info.plist; sourceTree = "<group>"; };
		87036C4426C3432800AEA09E /* RedditAppUITests.xctest */ = {isa = PBXFileReference; explicitFileType = wrapper.cfbundle; includeInIndex = 0; path = RedditAppUITests.xctest; sourceTree = BUILT_PRODUCTS_DIR; };
		87036C4826C3432800AEA09E /* RedditAppUITests.swift */ = {isa = PBXFileReference; lastKnownFileType = sourcecode.swift; path = RedditAppUITests.swift; sourceTree = "<group>"; };
		87036C4A26C3432800AEA09E /* Info.plist */ = {isa = PBXFileReference; lastKnownFileType = text.plist.xml; path = Info.plist; sourceTree = "<group>"; };
		87063FC426C36CCA00382BAF /* MainListTableViewCell.swift */ = {isa = PBXFileReference; lastKnownFileType = sourcecode.swift; path = MainListTableViewCell.swift; sourceTree = "<group>"; };
		8728A68526C9C3FF0005532C /* MainListViewControllerTests.swift */ = {isa = PBXFileReference; lastKnownFileType = sourcecode.swift; path = MainListViewControllerTests.swift; sourceTree = "<group>"; };
		8728A68826C9C6A50005532C /* MainListPresenterTests.swift */ = {isa = PBXFileReference; lastKnownFileType = sourcecode.swift; path = MainListPresenterTests.swift; sourceTree = "<group>"; };
		8728A68B26CAE0950005532C /* DateExtensions.swift */ = {isa = PBXFileReference; lastKnownFileType = sourcecode.swift; path = DateExtensions.swift; sourceTree = "<group>"; };
		8728A68E26CAE1F90005532C /* DateUtils.swift */ = {isa = PBXFileReference; lastKnownFileType = sourcecode.swift; path = DateUtils.swift; sourceTree = "<group>"; };
		87424B8F26D17F7F005F59C5 /* UIViewControllerExtensions.swift */ = {isa = PBXFileReference; lastKnownFileType = sourcecode.swift; path = UIViewControllerExtensions.swift; sourceTree = "<group>"; };
		879F8D0826C73C7A00FE0305 /* Models.swift */ = {isa = PBXFileReference; lastKnownFileType = sourcecode.swift; path = Models.swift; sourceTree = "<group>"; };
		879F8D0B26C7609900FE0305 /* NetworkingManager.swift */ = {isa = PBXFileReference; lastKnownFileType = sourcecode.swift; path = NetworkingManager.swift; sourceTree = "<group>"; };
		879F8D0D26C8159200FE0305 /* MainListView.swift */ = {isa = PBXFileReference; lastKnownFileType = sourcecode.swift; path = MainListView.swift; sourceTree = "<group>"; };
		879F8D0F26C86EA500FE0305 /* DetailView.swift */ = {isa = PBXFileReference; lastKnownFileType = sourcecode.swift; path = DetailView.swift; sourceTree = "<group>"; };
		87A7926D26C9949100CDDDA0 /* MainListInteractor.swift */ = {isa = PBXFileReference; lastKnownFileType = sourcecode.swift; path = MainListInteractor.swift; sourceTree = "<group>"; };
		87A7927026C995C900CDDDA0 /* MainListPresenter.swift */ = {isa = PBXFileReference; lastKnownFileType = sourcecode.swift; path = MainListPresenter.swift; sourceTree = "<group>"; };
		87A7927226C9A1D000CDDDA0 /* MainListFactory.swift */ = {isa = PBXFileReference; lastKnownFileType = sourcecode.swift; path = MainListFactory.swift; sourceTree = "<group>"; };
		87C38A3926D1976100087715 /* ImageSaver.swift */ = {isa = PBXFileReference; lastKnownFileType = sourcecode.swift; path = ImageSaver.swift; sourceTree = "<group>"; };
		87FA5AB326C3577C00BA134B /* MainListViewController.swift */ = {isa = PBXFileReference; lastKnownFileType = sourcecode.swift; path = MainListViewController.swift; sourceTree = "<group>"; };
/* End PBXFileReference section */

/* Begin PBXGroup section */
		87036C1A26C3432500AEA09E = {
			isa = PBXGroup;
			children = (
				87036C2526C3432500AEA09E /* RedditApp */,
				87036C3C26C3432800AEA09E /* RedditAppTests */,
				87036C4726C3432800AEA09E /* RedditAppUITests */,
				87036C2426C3432500AEA09E /* Products */,
				EE2DC5DF7E4EC753432AC471 /* Frameworks */,
			);
			sourceTree = "<group>";
		};
		87036C2426C3432500AEA09E /* Products */ = {
			isa = PBXGroup;
			children = (
				87036C2326C3432500AEA09E /* RedditApp.app */,
				87036C3926C3432800AEA09E /* RedditAppTests.xctest */,
				87036C4426C3432800AEA09E /* RedditAppUITests.xctest */,
			);
			name = Products;
			sourceTree = "<group>";
		};
		87036C2526C3432500AEA09E /* RedditApp */ = {
			isa = PBXGroup;
			children = (
				8728A68D26CAE1000005532C /* Utilities */,
				8728A68A26CAE07E0005532C /* Extensions */,
				879F8D0A26C7608F00FE0305 /* Networking */,
				879F8D0626C73A3000FE0305 /* Domain */,
				87FA5AB026C34CA200BA134B /* Features */,
				87FA5AAF26C347E200BA134B /* SupportingFiles */,
				87036C2626C3432500AEA09E /* AppDelegate.swift */,
				87036C2826C3432500AEA09E /* SceneDelegate.swift */,
			);
			path = RedditApp;
			sourceTree = "<group>";
		};
		87036C3C26C3432800AEA09E /* RedditAppTests */ = {
			isa = PBXGroup;
			children = (
				8728A68326C9C1C10005532C /* SupportingFiles */,
				87036C3D26C3432800AEA09E /* MainListInteractorTests.swift */,
				8728A68526C9C3FF0005532C /* MainListViewControllerTests.swift */,
				8728A68826C9C6A50005532C /* MainListPresenterTests.swift */,
			);
			path = RedditAppTests;
			sourceTree = "<group>";
		};
		87036C4726C3432800AEA09E /* RedditAppUITests */ = {
			isa = PBXGroup;
			children = (
				8728A68426C9C28D0005532C /* SupportingFiles */,
				87036C4826C3432800AEA09E /* RedditAppUITests.swift */,
			);
			path = RedditAppUITests;
			sourceTree = "<group>";
		};
		8728A68326C9C1C10005532C /* SupportingFiles */ = {
			isa = PBXGroup;
			children = (
				87036C3F26C3432800AEA09E /* Info.plist */,
			);
			path = SupportingFiles;
			sourceTree = "<group>";
		};
		8728A68426C9C28D0005532C /* SupportingFiles */ = {
			isa = PBXGroup;
			children = (
				87036C4A26C3432800AEA09E /* Info.plist */,
			);
			path = SupportingFiles;
			sourceTree = "<group>";
		};
		8728A68A26CAE07E0005532C /* Extensions */ = {
			isa = PBXGroup;
			children = (
				8728A68B26CAE0950005532C /* DateExtensions.swift */,
				87424B8F26D17F7F005F59C5 /* UIViewControllerExtensions.swift */,
			);
			path = Extensions;
			sourceTree = "<group>";
		};
		8728A68D26CAE1000005532C /* Utilities */ = {
			isa = PBXGroup;
			children = (
				8728A68E26CAE1F90005532C /* DateUtils.swift */,
				87C38A3926D1976100087715 /* ImageSaver.swift */,
			);
			path = Utilities;
			sourceTree = "<group>";
		};
		879F8D0626C73A3000FE0305 /* Domain */ = {
			isa = PBXGroup;
			children = (
				879F8D0826C73C7A00FE0305 /* Models.swift */,
			);
			path = Domain;
			sourceTree = "<group>";
		};
		879F8D0A26C7608F00FE0305 /* Networking */ = {
			isa = PBXGroup;
			children = (
				879F8D0B26C7609900FE0305 /* NetworkingManager.swift */,
			);
			path = Networking;
			sourceTree = "<group>";
		};
		87FA5AAF26C347E200BA134B /* SupportingFiles */ = {
			isa = PBXGroup;
			children = (
				87036C2F26C3432800AEA09E /* Assets.xcassets */,
				87036C3126C3432800AEA09E /* LaunchScreen.storyboard */,
				87036C3426C3432800AEA09E /* Info.plist */,
			);
			path = SupportingFiles;
			sourceTree = "<group>";
		};
		87FA5AB026C34CA200BA134B /* Features */ = {
			isa = PBXGroup;
			children = (
				87FA5AB226C3572E00BA134B /* MainList */,
				87FA5AB126C34DCA00BA134B /* Detail */,
			);
			path = Features;
			sourceTree = "<group>";
		};
		87FA5AB126C34DCA00BA134B /* Detail */ = {
			isa = PBXGroup;
			children = (
				87036C2A26C3432500AEA09E /* DetailViewController.swift */,
				879F8D0F26C86EA500FE0305 /* DetailView.swift */,
			);
			path = Detail;
			sourceTree = "<group>";
		};
		87FA5AB226C3572E00BA134B /* MainList */ = {
			isa = PBXGroup;
			children = (
				87FA5AB326C3577C00BA134B /* MainListViewController.swift */,
				87A7927026C995C900CDDDA0 /* MainListPresenter.swift */,
				87A7926D26C9949100CDDDA0 /* MainListInteractor.swift */,
				879F8D0D26C8159200FE0305 /* MainListView.swift */,
				87063FC426C36CCA00382BAF /* MainListTableViewCell.swift */,
				87A7927226C9A1D000CDDDA0 /* MainListFactory.swift */,
			);
			path = MainList;
			sourceTree = "<group>";
		};
		EE2DC5DF7E4EC753432AC471 /* Frameworks */ = {
			isa = PBXGroup;
			children = (
				27C266DE451E04F822519E3B /* Pods_RedditApp.framework */,
				6FA4281D09AD04B7F4769B6E /* Pods_RedditApp_RedditAppUITests.framework */,
				40A434FEE8A3783220CC9EE8 /* Pods_RedditAppTests.framework */,
			);
			name = Frameworks;
			sourceTree = "<group>";
		};
/* End PBXGroup section */

/* Begin PBXNativeTarget section */
		87036C2226C3432500AEA09E /* RedditApp */ = {
			isa = PBXNativeTarget;
			buildConfigurationList = 87036C4D26C3432800AEA09E /* Build configuration list for PBXNativeTarget "RedditApp" */;
			buildPhases = (
				87036C1F26C3432500AEA09E /* Sources */,
				87036C2126C3432500AEA09E /* Resources */,
			);
			buildRules = (
			);
			dependencies = (
			);
			name = RedditApp;
			productName = RedditApp;
			productReference = 87036C2326C3432500AEA09E /* RedditApp.app */;
			productType = "com.apple.product-type.application";
		};
		87036C3826C3432800AEA09E /* RedditAppTests */ = {
			isa = PBXNativeTarget;
			buildConfigurationList = 87036C5026C3432800AEA09E /* Build configuration list for PBXNativeTarget "RedditAppTests" */;
			buildPhases = (
				87036C3526C3432800AEA09E /* Sources */,
				87036C3726C3432800AEA09E /* Resources */,
			);
			buildRules = (
			);
			dependencies = (
				87036C3B26C3432800AEA09E /* PBXTargetDependency */,
			);
			name = RedditAppTests;
			productName = RedditAppTests;
			productReference = 87036C3926C3432800AEA09E /* RedditAppTests.xctest */;
			productType = "com.apple.product-type.bundle.unit-test";
		};
		87036C4326C3432800AEA09E /* RedditAppUITests */ = {
			isa = PBXNativeTarget;
			buildConfigurationList = 87036C5326C3432800AEA09E /* Build configuration list for PBXNativeTarget "RedditAppUITests" */;
			buildPhases = (
				87036C4026C3432800AEA09E /* Sources */,
				87036C4226C3432800AEA09E /* Resources */,
			);
			buildRules = (
			);
			dependencies = (
				87036C4626C3432800AEA09E /* PBXTargetDependency */,
			);
			name = RedditAppUITests;
			productName = RedditAppUITests;
			productReference = 87036C4426C3432800AEA09E /* RedditAppUITests.xctest */;
			productType = "com.apple.product-type.bundle.ui-testing";
		};
/* End PBXNativeTarget section */

/* Begin PBXProject section */
		87036C1B26C3432500AEA09E /* Project object */ = {
			isa = PBXProject;
			attributes = {
				LastSwiftUpdateCheck = 1250;
				LastUpgradeCheck = 1250;
				TargetAttributes = {
					87036C2226C3432500AEA09E = {
						CreatedOnToolsVersion = 12.5.1;
					};
					87036C3826C3432800AEA09E = {
						CreatedOnToolsVersion = 12.5.1;
						TestTargetID = 87036C2226C3432500AEA09E;
					};
					87036C4326C3432800AEA09E = {
						CreatedOnToolsVersion = 12.5.1;
						TestTargetID = 87036C2226C3432500AEA09E;
					};
				};
			};
			buildConfigurationList = 87036C1E26C3432500AEA09E /* Build configuration list for PBXProject "RedditApp" */;
			compatibilityVersion = "Xcode 9.3";
			developmentRegion = en;
			hasScannedForEncodings = 0;
			knownRegions = (
				en,
				Base,
			);
			mainGroup = 87036C1A26C3432500AEA09E;
			productRefGroup = 87036C2426C3432500AEA09E /* Products */;
			projectDirPath = "";
			projectRoot = "";
			targets = (
				87036C2226C3432500AEA09E /* RedditApp */,
				87036C3826C3432800AEA09E /* RedditAppTests */,
				87036C4326C3432800AEA09E /* RedditAppUITests */,
			);
		};
/* End PBXProject section */

/* Begin PBXResourcesBuildPhase section */
		87036C2126C3432500AEA09E /* Resources */ = {
			isa = PBXResourcesBuildPhase;
			buildActionMask = 2147483647;
			files = (
				87036C3326C3432800AEA09E /* LaunchScreen.storyboard in Resources */,
				87036C3026C3432800AEA09E /* Assets.xcassets in Resources */,
			);
			runOnlyForDeploymentPostprocessing = 0;
		};
		87036C3726C3432800AEA09E /* Resources */ = {
			isa = PBXResourcesBuildPhase;
			buildActionMask = 2147483647;
			files = (
			);
			runOnlyForDeploymentPostprocessing = 0;
		};
		87036C4226C3432800AEA09E /* Resources */ = {
			isa = PBXResourcesBuildPhase;
			buildActionMask = 2147483647;
			files = (
			);
			runOnlyForDeploymentPostprocessing = 0;
		};
/* End PBXResourcesBuildPhase section */

/* Begin PBXSourcesBuildPhase section */
		87036C1F26C3432500AEA09E /* Sources */ = {
			isa = PBXSourcesBuildPhase;
			buildActionMask = 2147483647;
			files = (
				87036C2B26C3432500AEA09E /* DetailViewController.swift in Sources */,
				87C38A3A26D1976100087715 /* ImageSaver.swift in Sources */,
				87A7927326C9A1D000CDDDA0 /* MainListFactory.swift in Sources */,
				879F8D1026C86EA500FE0305 /* DetailView.swift in Sources */,
				879F8D0E26C8159200FE0305 /* MainListView.swift in Sources */,
				87036C2726C3432500AEA09E /* AppDelegate.swift in Sources */,
				879F8D0C26C7609900FE0305 /* NetworkingManager.swift in Sources */,
				87424B9026D17F7F005F59C5 /* UIViewControllerExtensions.swift in Sources */,
				87A7926E26C9949100CDDDA0 /* MainListInteractor.swift in Sources */,
				87FA5AB426C3577C00BA134B /* MainListViewController.swift in Sources */,
				87036C2926C3432500AEA09E /* SceneDelegate.swift in Sources */,
				879F8D0926C73C7A00FE0305 /* Models.swift in Sources */,
				87A7927126C995C900CDDDA0 /* MainListPresenter.swift in Sources */,
				8728A68F26CAE1F90005532C /* DateUtils.swift in Sources */,
				87063FC526C36CCA00382BAF /* MainListTableViewCell.swift in Sources */,
				8728A68C26CAE0950005532C /* DateExtensions.swift in Sources */,
			);
			runOnlyForDeploymentPostprocessing = 0;
		};
		87036C3526C3432800AEA09E /* Sources */ = {
			isa = PBXSourcesBuildPhase;
			buildActionMask = 2147483647;
			files = (
				87036C3E26C3432800AEA09E /* MainListInteractorTests.swift in Sources */,
				8728A68926C9C6A50005532C /* MainListPresenterTests.swift in Sources */,
				8728A68626C9C3FF0005532C /* MainListViewControllerTests.swift in Sources */,
			);
			runOnlyForDeploymentPostprocessing = 0;
		};
		87036C4026C3432800AEA09E /* Sources */ = {
			isa = PBXSourcesBuildPhase;
			buildActionMask = 2147483647;
			files = (
				87036C4926C3432800AEA09E /* RedditAppUITests.swift in Sources */,
			);
			runOnlyForDeploymentPostprocessing = 0;
		};
/* End PBXSourcesBuildPhase section */

/* Begin PBXTargetDependency section */
		87036C3B26C3432800AEA09E /* PBXTargetDependency */ = {
			isa = PBXTargetDependency;
			target = 87036C2226C3432500AEA09E /* RedditApp */;
			targetProxy = 87036C3A26C3432800AEA09E /* PBXContainerItemProxy */;
		};
		87036C4626C3432800AEA09E /* PBXTargetDependency */ = {
			isa = PBXTargetDependency;
			target = 87036C2226C3432500AEA09E /* RedditApp */;
			targetProxy = 87036C4526C3432800AEA09E /* PBXContainerItemProxy */;
		};
/* End PBXTargetDependency section */

/* Begin PBXVariantGroup section */
		87036C3126C3432800AEA09E /* LaunchScreen.storyboard */ = {
			isa = PBXVariantGroup;
			children = (
				87036C3226C3432800AEA09E /* Base */,
			);
			name = LaunchScreen.storyboard;
			sourceTree = "<group>";
		};
/* End PBXVariantGroup section */

/* Begin XCBuildConfiguration section */
		87036C4B26C3432800AEA09E /* Debug */ = {
			isa = XCBuildConfiguration;
			buildSettings = {
				ALWAYS_SEARCH_USER_PATHS = NO;
				CLANG_ANALYZER_NONNULL = YES;
				CLANG_ANALYZER_NUMBER_OBJECT_CONVERSION = YES_AGGRESSIVE;
				CLANG_CXX_LANGUAGE_STANDARD = "gnu++14";
				CLANG_CXX_LIBRARY = "libc++";
				CLANG_ENABLE_MODULES = YES;
				CLANG_ENABLE_OBJC_ARC = YES;
				CLANG_ENABLE_OBJC_WEAK = YES;
				CLANG_WARN_BLOCK_CAPTURE_AUTORELEASING = YES;
				CLANG_WARN_BOOL_CONVERSION = YES;
				CLANG_WARN_COMMA = YES;
				CLANG_WARN_CONSTANT_CONVERSION = YES;
				CLANG_WARN_DEPRECATED_OBJC_IMPLEMENTATIONS = YES;
				CLANG_WARN_DIRECT_OBJC_ISA_USAGE = YES_ERROR;
				CLANG_WARN_DOCUMENTATION_COMMENTS = YES;
				CLANG_WARN_EMPTY_BODY = YES;
				CLANG_WARN_ENUM_CONVERSION = YES;
				CLANG_WARN_INFINITE_RECURSION = YES;
				CLANG_WARN_INT_CONVERSION = YES;
				CLANG_WARN_NON_LITERAL_NULL_CONVERSION = YES;
				CLANG_WARN_OBJC_IMPLICIT_RETAIN_SELF = YES;
				CLANG_WARN_OBJC_LITERAL_CONVERSION = YES;
				CLANG_WARN_OBJC_ROOT_CLASS = YES_ERROR;
				CLANG_WARN_QUOTED_INCLUDE_IN_FRAMEWORK_HEADER = YES;
				CLANG_WARN_RANGE_LOOP_ANALYSIS = YES;
				CLANG_WARN_STRICT_PROTOTYPES = YES;
				CLANG_WARN_SUSPICIOUS_MOVE = YES;
				CLANG_WARN_UNGUARDED_AVAILABILITY = YES_AGGRESSIVE;
				CLANG_WARN_UNREACHABLE_CODE = YES;
				CLANG_WARN__DUPLICATE_METHOD_MATCH = YES;
				COPY_PHASE_STRIP = NO;
				DEBUG_INFORMATION_FORMAT = dwarf;
				ENABLE_STRICT_OBJC_MSGSEND = YES;
				ENABLE_TESTABILITY = YES;
				GCC_C_LANGUAGE_STANDARD = gnu11;
				GCC_DYNAMIC_NO_PIC = NO;
				GCC_NO_COMMON_BLOCKS = YES;
				GCC_OPTIMIZATION_LEVEL = 0;
				GCC_PREPROCESSOR_DEFINITIONS = (
					"DEBUG=1",
					"$(inherited)",
				);
				GCC_WARN_64_TO_32_BIT_CONVERSION = YES;
				GCC_WARN_ABOUT_RETURN_TYPE = YES_ERROR;
				GCC_WARN_UNDECLARED_SELECTOR = YES;
				GCC_WARN_UNINITIALIZED_AUTOS = YES_AGGRESSIVE;
				GCC_WARN_UNUSED_FUNCTION = YES;
				GCC_WARN_UNUSED_VARIABLE = YES;
				IPHONEOS_DEPLOYMENT_TARGET = 14.5;
				MTL_ENABLE_DEBUG_INFO = INCLUDE_SOURCE;
				MTL_FAST_MATH = YES;
				ONLY_ACTIVE_ARCH = YES;
				SDKROOT = iphoneos;
				SWIFT_ACTIVE_COMPILATION_CONDITIONS = DEBUG;
				SWIFT_OPTIMIZATION_LEVEL = "-Onone";
			};
			name = Debug;
		};
		87036C4C26C3432800AEA09E /* Release */ = {
			isa = XCBuildConfiguration;
			buildSettings = {
				ALWAYS_SEARCH_USER_PATHS = NO;
				CLANG_ANALYZER_NONNULL = YES;
				CLANG_ANALYZER_NUMBER_OBJECT_CONVERSION = YES_AGGRESSIVE;
				CLANG_CXX_LANGUAGE_STANDARD = "gnu++14";
				CLANG_CXX_LIBRARY = "libc++";
				CLANG_ENABLE_MODULES = YES;
				CLANG_ENABLE_OBJC_ARC = YES;
				CLANG_ENABLE_OBJC_WEAK = YES;
				CLANG_WARN_BLOCK_CAPTURE_AUTORELEASING = YES;
				CLANG_WARN_BOOL_CONVERSION = YES;
				CLANG_WARN_COMMA = YES;
				CLANG_WARN_CONSTANT_CONVERSION = YES;
				CLANG_WARN_DEPRECATED_OBJC_IMPLEMENTATIONS = YES;
				CLANG_WARN_DIRECT_OBJC_ISA_USAGE = YES_ERROR;
				CLANG_WARN_DOCUMENTATION_COMMENTS = YES;
				CLANG_WARN_EMPTY_BODY = YES;
				CLANG_WARN_ENUM_CONVERSION = YES;
				CLANG_WARN_INFINITE_RECURSION = YES;
				CLANG_WARN_INT_CONVERSION = YES;
				CLANG_WARN_NON_LITERAL_NULL_CONVERSION = YES;
				CLANG_WARN_OBJC_IMPLICIT_RETAIN_SELF = YES;
				CLANG_WARN_OBJC_LITERAL_CONVERSION = YES;
				CLANG_WARN_OBJC_ROOT_CLASS = YES_ERROR;
				CLANG_WARN_QUOTED_INCLUDE_IN_FRAMEWORK_HEADER = YES;
				CLANG_WARN_RANGE_LOOP_ANALYSIS = YES;
				CLANG_WARN_STRICT_PROTOTYPES = YES;
				CLANG_WARN_SUSPICIOUS_MOVE = YES;
				CLANG_WARN_UNGUARDED_AVAILABILITY = YES_AGGRESSIVE;
				CLANG_WARN_UNREACHABLE_CODE = YES;
				CLANG_WARN__DUPLICATE_METHOD_MATCH = YES;
				COPY_PHASE_STRIP = NO;
				DEBUG_INFORMATION_FORMAT = "dwarf-with-dsym";
				ENABLE_NS_ASSERTIONS = NO;
				ENABLE_STRICT_OBJC_MSGSEND = YES;
				GCC_C_LANGUAGE_STANDARD = gnu11;
				GCC_NO_COMMON_BLOCKS = YES;
				GCC_WARN_64_TO_32_BIT_CONVERSION = YES;
				GCC_WARN_ABOUT_RETURN_TYPE = YES_ERROR;
				GCC_WARN_UNDECLARED_SELECTOR = YES;
				GCC_WARN_UNINITIALIZED_AUTOS = YES_AGGRESSIVE;
				GCC_WARN_UNUSED_FUNCTION = YES;
				GCC_WARN_UNUSED_VARIABLE = YES;
				IPHONEOS_DEPLOYMENT_TARGET = 14.5;
				MTL_ENABLE_DEBUG_INFO = NO;
				MTL_FAST_MATH = YES;
				SDKROOT = iphoneos;
				SWIFT_COMPILATION_MODE = wholemodule;
				SWIFT_OPTIMIZATION_LEVEL = "-O";
				VALIDATE_PRODUCT = YES;
			};
			name = Release;
		};
		87036C4E26C3432800AEA09E /* Debug */ = {
			isa = XCBuildConfiguration;
			buildSettings = {
				ASSETCATALOG_COMPILER_APPICON_NAME = AppIcon;
				ASSETCATALOG_COMPILER_GLOBAL_ACCENT_COLOR_NAME = AccentColor;
				CODE_SIGN_STYLE = Automatic;
				INFOPLIST_FILE = RedditApp/SupportingFiles/Info.plist;
				LD_RUNPATH_SEARCH_PATHS = (
					"$(inherited)",
					"@executable_path/Frameworks",
				);
				PRODUCT_BUNDLE_IDENTIFIER = com.bento.RedditApp;
				PRODUCT_NAME = "$(TARGET_NAME)";
				SWIFT_VERSION = 5.0;
				TARGETED_DEVICE_FAMILY = "1,2";
			};
			name = Debug;
		};
		87036C4F26C3432800AEA09E /* Release */ = {
			isa = XCBuildConfiguration;
			buildSettings = {
				ASSETCATALOG_COMPILER_APPICON_NAME = AppIcon;
				ASSETCATALOG_COMPILER_GLOBAL_ACCENT_COLOR_NAME = AccentColor;
				CODE_SIGN_STYLE = Automatic;
				INFOPLIST_FILE = RedditApp/SupportingFiles/Info.plist;
				LD_RUNPATH_SEARCH_PATHS = (
					"$(inherited)",
					"@executable_path/Frameworks",
				);
				PRODUCT_BUNDLE_IDENTIFIER = com.bento.RedditApp;
				PRODUCT_NAME = "$(TARGET_NAME)";
				SWIFT_VERSION = 5.0;
				TARGETED_DEVICE_FAMILY = "1,2";
			};
			name = Release;
		};
		87036C5126C3432800AEA09E /* Debug */ = {
			isa = XCBuildConfiguration;
			buildSettings = {
				ALWAYS_EMBED_SWIFT_STANDARD_LIBRARIES = YES;
				BUNDLE_LOADER = "$(TEST_HOST)";
				CODE_SIGN_STYLE = Automatic;
				INFOPLIST_FILE = RedditAppTests/SupportingFiles/Info.plist;
				IPHONEOS_DEPLOYMENT_TARGET = 14.5;
				LD_RUNPATH_SEARCH_PATHS = (
					"$(inherited)",
					"@executable_path/Frameworks",
					"@loader_path/Frameworks",
				);
				PRODUCT_BUNDLE_IDENTIFIER = com.bento.RedditAppTests;
				PRODUCT_NAME = "$(TARGET_NAME)";
				SWIFT_VERSION = 5.0;
				TARGETED_DEVICE_FAMILY = "1,2";
				TEST_HOST = "$(BUILT_PRODUCTS_DIR)/RedditApp.app/RedditApp";
			};
			name = Debug;
		};
		87036C5226C3432800AEA09E /* Release */ = {
			isa = XCBuildConfiguration;
			buildSettings = {
				ALWAYS_EMBED_SWIFT_STANDARD_LIBRARIES = YES;
				BUNDLE_LOADER = "$(TEST_HOST)";
				CODE_SIGN_STYLE = Automatic;
				INFOPLIST_FILE = RedditAppTests/SupportingFiles/Info.plist;
				IPHONEOS_DEPLOYMENT_TARGET = 14.5;
				LD_RUNPATH_SEARCH_PATHS = (
					"$(inherited)",
					"@executable_path/Frameworks",
					"@loader_path/Frameworks",
				);
				PRODUCT_BUNDLE_IDENTIFIER = com.bento.RedditAppTests;
				PRODUCT_NAME = "$(TARGET_NAME)";
				SWIFT_VERSION = 5.0;
				TARGETED_DEVICE_FAMILY = "1,2";
				TEST_HOST = "$(BUILT_PRODUCTS_DIR)/RedditApp.app/RedditApp";
			};
			name = Release;
		};
		87036C5426C3432800AEA09E /* Debug */ = {
			isa = XCBuildConfiguration;
			buildSettings = {
				ALWAYS_EMBED_SWIFT_STANDARD_LIBRARIES = YES;
				CODE_SIGN_STYLE = Automatic;
				INFOPLIST_FILE = RedditAppUITests/SupportingFiles/Info.plist;
				LD_RUNPATH_SEARCH_PATHS = (
					"$(inherited)",
					"@executable_path/Frameworks",
					"@loader_path/Frameworks",
				);
				PRODUCT_BUNDLE_IDENTIFIER = com.bento.RedditAppUITests;
				PRODUCT_NAME = "$(TARGET_NAME)";
				SWIFT_VERSION = 5.0;
				TARGETED_DEVICE_FAMILY = "1,2";
				TEST_TARGET_NAME = RedditApp;
			};
			name = Debug;
		};
		87036C5526C3432800AEA09E /* Release */ = {
			isa = XCBuildConfiguration;
			buildSettings = {
				ALWAYS_EMBED_SWIFT_STANDARD_LIBRARIES = YES;
				CODE_SIGN_STYLE = Automatic;
				INFOPLIST_FILE = RedditAppUITests/SupportingFiles/Info.plist;
				LD_RUNPATH_SEARCH_PATHS = (
					"$(inherited)",
					"@executable_path/Frameworks",
					"@loader_path/Frameworks",
				);
				PRODUCT_BUNDLE_IDENTIFIER = com.bento.RedditAppUITests;
				PRODUCT_NAME = "$(TARGET_NAME)";
				SWIFT_VERSION = 5.0;
				TARGETED_DEVICE_FAMILY = "1,2";
				TEST_TARGET_NAME = RedditApp;
			};
			name = Release;
		};
/* End XCBuildConfiguration section */

/* Begin XCConfigurationList section */
		87036C1E26C3432500AEA09E /* Build configuration list for PBXProject "RedditApp" */ = {
			isa = XCConfigurationList;
			buildConfigurations = (
				87036C4B26C3432800AEA09E /* Debug */,
				87036C4C26C3432800AEA09E /* Release */,
			);
			defaultConfigurationIsVisible = 0;
			defaultConfigurationName = Release;
		};
		87036C4D26C3432800AEA09E /* Build configuration list for PBXNativeTarget "RedditApp" */ = {
			isa = XCConfigurationList;
			buildConfigurations = (
				87036C4E26C3432800AEA09E /* Debug */,
				87036C4F26C3432800AEA09E /* Release */,
			);
			defaultConfigurationIsVisible = 0;
			defaultConfigurationName = Release;
		};
		87036C5026C3432800AEA09E /* Build configuration list for PBXNativeTarget "RedditAppTests" */ = {
			isa = XCConfigurationList;
			buildConfigurations = (
				87036C5126C3432800AEA09E /* Debug */,
				87036C5226C3432800AEA09E /* Release */,
			);
			defaultConfigurationIsVisible = 0;
			defaultConfigurationName = Release;
		};
		87036C5326C3432800AEA09E /* Build configuration list for PBXNativeTarget "RedditAppUITests" */ = {
			isa = XCConfigurationList;
			buildConfigurations = (
				87036C5426C3432800AEA09E /* Debug */,
				87036C5526C3432800AEA09E /* Release */,
			);
			defaultConfigurationIsVisible = 0;
			defaultConfigurationName = Release;
		};
/* End XCConfigurationList section */
	};
	rootObject = 87036C1B26C3432500AEA09E /* Project object */;
}
